
Microsoft Visual Studio Solution File, Format Version 12.00
# Visual Studio 15
Project("{FAE04EC0-301F-11D3-BF4B-00C04F79EFBC}") = "Assembly-CSharp", "Assembly-CSharp.csproj", "{0939C949-5107-586C-1BF9-19D9E1286EA8}"
EndProject
Project("{FAE04EC0-301F-11D3-BF4B-00C04F79EFBC}") = "Assembly-CSharp-Editor", "Assembly-CSharp-Editor.csproj", "{74B19B17-CF56-CFFD-1938-F1E962C28C54}"
EndProject
Global
	GlobalSection(SolutionConfigurationPlatforms) = preSolution
		Debug|Any CPU = Debug|Any CPU
		Release|Any CPU = Release|Any CPU
	EndGlobalSection
	GlobalSection(ProjectConfigurationPlatforms) = postSolution
		{0939C949-5107-586C-1BF9-19D9E1286EA8}.Debug|Any CPU.ActiveCfg = Debug|Any CPU
		{0939C949-5107-586C-1BF9-19D9E1286EA8}.Debug|Any CPU.Build.0 = Debug|Any CPU
		{0939C949-5107-586C-1BF9-19D9E1286EA8}.Release|Any CPU.ActiveCfg = Release|Any CPU
		{0939C949-5107-586C-1BF9-19D9E1286EA8}.Release|Any CPU.Build.0 = Release|Any CPU
		{74B19B17-CF56-CFFD-1938-F1E962C28C54}.Debug|Any CPU.ActiveCfg = Debug|Any CPU
		{74B19B17-CF56-CFFD-1938-F1E962C28C54}.Debug|Any CPU.Build.0 = Debug|Any CPU
		{74B19B17-CF56-CFFD-1938-F1E962C28C54}.Release|Any CPU.ActiveCfg = Release|Any CPU
		{74B19B17-CF56-CFFD-1938-F1E962C28C54}.Release|Any CPU.Build.0 = Release|Any CPU
	EndGlobalSection
	GlobalSection(SolutionProperties) = preSolution
		HideSolutionNode = FALSE
	EndGlobalSection
EndGlobal
